
Microsoft Visual Studio Solution File, Format Version 12.00
# Visual Studio Version 17
VisualStudioVersion = 17.2.32516.85
MinimumVisualStudioVersion = 10.0.40219.1
Project("{FAE04EC0-301F-11D3-BF4B-00C04F79EFBC}") = "Costa.WebApi", "Costa.WebApi\Costa.WebApi.csproj", "{65E0DDD8-76F5-4718-8E13-4C01CDC7ABB6}"
EndProject
Project("{FAE04EC0-301F-11D3-BF4B-00C04F79EFBC}") = "Costa.Domain", "Costa.Domain\Costa.Domain.csproj", "{8BAE9312-197F-42C2-BE5A-94B8683482C0}"
EndProject
Project("{FAE04EC0-301F-11D3-BF4B-00C04F79EFBC}") = "Costa.Infra.Data", "Costa.Infra.Data\Costa.Infra.Data.csproj", "{A80C3631-EBC0-4936-9ACA-689C8E177917}"
EndProject
Global
	GlobalSection(SolutionConfigurationPlatforms) = preSolution
		Debug|Any CPU = Debug|Any CPU
		Release|Any CPU = Release|Any CPU
	EndGlobalSection
	GlobalSection(ProjectConfigurationPlatforms) = postSolution
		{65E0DDD8-76F5-4718-8E13-4C01CDC7ABB6}.Debug|Any CPU.ActiveCfg = Debug|Any CPU
		{65E0DDD8-76F5-4718-8E13-4C01CDC7ABB6}.Debug|Any CPU.Build.0 = Debug|Any CPU
		{65E0DDD8-76F5-4718-8E13-4C01CDC7ABB6}.Release|Any CPU.ActiveCfg = Release|Any CPU
		{65E0DDD8-76F5-4718-8E13-4C01CDC7ABB6}.Release|Any CPU.Build.0 = Release|Any CPU
		{8BAE9312-197F-42C2-BE5A-94B8683482C0}.Debug|Any CPU.ActiveCfg = Debug|Any CPU
		{8BAE9312-197F-42C2-BE5A-94B8683482C0}.Debug|Any CPU.Build.0 = Debug|Any CPU
		{8BAE9312-197F-42C2-BE5A-94B8683482C0}.Release|Any CPU.ActiveCfg = Release|Any CPU
		{8BAE9312-197F-42C2-BE5A-94B8683482C0}.Release|Any CPU.Build.0 = Release|Any CPU
		{A80C3631-EBC0-4936-9ACA-689C8E177917}.Debug|Any CPU.ActiveCfg = Debug|Any CPU
		{A80C3631-EBC0-4936-9ACA-689C8E177917}.Debug|Any CPU.Build.0 = Debug|Any CPU
		{A80C3631-EBC0-4936-9ACA-689C8E177917}.Release|Any CPU.ActiveCfg = Release|Any CPU
		{A80C3631-EBC0-4936-9ACA-689C8E177917}.Release|Any CPU.Build.0 = Release|Any CPU
	EndGlobalSection
	GlobalSection(SolutionProperties) = preSolution
		HideSolutionNode = FALSE
	EndGlobalSection
	GlobalSection(ExtensibilityGlobals) = postSolution
		SolutionGuid = {A1E710C7-6A46-4C42-9D84-91E7D8AF7D57}
	EndGlobalSection
EndGlobal
